
Microsoft Visual Studio Solution File, Format Version 12.00
# Visual Studio Version 17
VisualStudioVersion = 17.9.34701.34
MinimumVisualStudioVersion = 10.0.40219.1
Project("{9A19103F-16F7-4668-BE54-9A1E7A4F7556}") = "a2", "a2\a2.csproj", "{6A725212-6882-4CFD-9807-7A8208A4FE59}"
EndProject
Project("{FAE04EC0-301F-11D3-BF4B-00C04F79EFBC}") = "a2Test", "a2Test\a2Test.csproj", "{D67A4ADE-F690-4E84-B2D3-C9928AA22DED}"
EndProject
Global
	GlobalSection(SolutionConfigurationPlatforms) = preSolution
		Debug|Any CPU = Debug|Any CPU
		Release|Any CPU = Release|Any CPU
	EndGlobalSection
	GlobalSection(ProjectConfigurationPlatforms) = postSolution
		{6A725212-6882-4CFD-9807-7A8208A4FE59}.Debug|Any CPU.ActiveCfg = Debug|Any CPU
		{6A725212-6882-4CFD-9807-7A8208A4FE59}.Debug|Any CPU.Build.0 = Debug|Any CPU
		{6A725212-6882-4CFD-9807-7A8208A4FE59}.Release|Any CPU.ActiveCfg = Release|Any CPU
		{6A725212-6882-4CFD-9807-7A8208A4FE59}.Release|Any CPU.Build.0 = Release|Any CPU
		{D67A4ADE-F690-4E84-B2D3-C9928AA22DED}.Debug|Any CPU.ActiveCfg = Debug|Any CPU
		{D67A4ADE-F690-4E84-B2D3-C9928AA22DED}.Debug|Any CPU.Build.0 = Debug|Any CPU
		{D67A4ADE-F690-4E84-B2D3-C9928AA22DED}.Release|Any CPU.ActiveCfg = Release|Any CPU
		{D67A4ADE-F690-4E84-B2D3-C9928AA22DED}.Release|Any CPU.Build.0 = Release|Any CPU
	EndGlobalSection
	GlobalSection(SolutionProperties) = preSolution
		HideSolutionNode = FALSE
	EndGlobalSection
	GlobalSection(ExtensibilityGlobals) = postSolution
		SolutionGuid = {DEEBA099-AF57-4192-835B-35CAB81851AF}
	EndGlobalSection
EndGlobal
